// !$*UTF8*$!
{
	archiveVersion = 1;
	classes = {
	};
	objectVersion = 50;
	objects = {

/* Begin PBXBuildFile section */
		9D295E2025D19DEF00E5AA52 /* CustomTabBarApp.swift in Sources */ = {isa = PBXBuildFile; fileRef = 9D295E1F25D19DEF00E5AA52 /* CustomTabBarApp.swift */; };
		9D295E2225D19DEF00E5AA52 /* ContentView.swift in Sources */ = {isa = PBXBuildFile; fileRef = 9D295E2125D19DEF00E5AA52 /* ContentView.swift */; };
		9D295E2425D19DEF00E5AA52 /* Assets.xcassets in Resources */ = {isa = PBXBuildFile; fileRef = 9D295E2325D19DEF00E5AA52 /* Assets.xcassets */; };
		9D295E2725D19DEF00E5AA52 /* Preview Assets.xcassets in Resources */ = {isa = PBXBuildFile; fileRef = 9D295E2625D19DEF00E5AA52 /* Preview Assets.xcassets */; };
		9D295E3225D19DEF00E5AA52 /* CustomTabBarTests.swift in Sources */ = {isa = PBXBuildFile; fileRef = 9D295E3125D19DEF00E5AA52 /* CustomTabBarTests.swift */; };
		9D295E3D25D19DEF00E5AA52 /* CustomTabBarUITests.swift in Sources */ = {isa = PBXBuildFile; fileRef = 9D295E3C25D19DEF00E5AA52 /* CustomTabBarUITests.swift */; };
/* End PBXBuildFile section */

/* Begin PBXContainerItemProxy section */
		9D295E2E25D19DEF00E5AA52 /* PBXContainerItemProxy */ = {
			isa = PBXContainerItemProxy;
			containerPortal = 9D295E1425D19DEE00E5AA52 /* Project object */;
			proxyType = 1;
			remoteGlobalIDString = 9D295E1B25D19DEF00E5AA52;
			remoteInfo = CustomTabBar;
		};
		9D295E3925D19DEF00E5AA52 /* PBXContainerItemProxy */ = {
			isa = PBXContainerItemProxy;
			containerPortal = 9D295E1425D19DEE00E5AA52 /* Project object */;
			proxyType = 1;
			remoteGlobalIDString = 9D295E1B25D19DEF00E5AA52;
			remoteInfo = CustomTabBar;
		};
/* End PBXContainerItemProxy section */

/* Begin PBXFileReference section */
		9D295E1C25D19DEF00E5AA52 /* CustomTabBar.app */ = {isa = PBXFileReference; explicitFileType = wrapper.application; includeInIndex = 0; path = CustomTabBar.app; sourceTree = BUILT_PRODUCTS_DIR; };
		9D295E1F25D19DEF00E5AA52 /* CustomTabBarApp.swift */ = {isa = PBXFileReference; lastKnownFileType = sourcecode.swift; path = CustomTabBarApp.swift; sourceTree = "<group>"; };
		9D295E2125D19DEF00E5AA52 /* ContentView.swift */ = {isa = PBXFileReference; lastKnownFileType = sourcecode.swift; path = ContentView.swift; sourceTree = "<group>"; };
		9D295E2325D19DEF00E5AA52 /* Assets.xcassets */ = {isa = PBXFileReference; lastKnownFileType = folder.assetcatalog; path = Assets.xcassets; sourceTree = "<group>"; };
		9D295E2625D19DEF00E5AA52 /* Preview Assets.xcassets */ = {isa = PBXFileReference; lastKnownFileType = folder.assetcatalog; path = "Preview Assets.xcassets"; sourceTree = "<group>"; };
		9D295E2825D19DEF00E5AA52 /* Info.plist */ = {isa = PBXFileReference; lastKnownFileType = text.plist.xml; path = Info.plist; sourceTree = "<group>"; };
		9D295E2D25D19DEF00E5AA52 /* CustomTabBarTests.xctest */ = {isa = PBXFileReference; explicitFileType = wrapper.cfbundle; includeInIndex = 0; path = CustomTabBarTests.xctest; sourceTree = BUILT_PRODUCTS_DIR; };
		9D295E3125D19DEF00E5AA52 /* CustomTabBarTests.swift */ = {isa = PBXFileReference; lastKnownFileType = sourcecode.swift; path = CustomTabBarTests.swift; sourceTree = "<group>"; };
		9D295E3325D19DEF00E5AA52 /* Info.plist */ = {isa = PBXFileReference; lastKnownFileType = text.plist.xml; path = Info.plist; sourceTree = "<group>"; };
		9D295E3825D19DEF00E5AA52 /* CustomTabBarUITests.xctest */ = {isa = PBXFileReference; explicitFileType = wrapper.cfbundle; includeInIndex = 0; path = CustomTabBarUITests.xctest; sourceTree = BUILT_PRODUCTS_DIR; };
		9D295E3C25D19DEF00E5AA52 /* CustomTabBarUITests.swift */ = {isa = PBXFileReference; lastKnownFileType = sourcecode.swift; path = CustomTabBarUITests.swift; sourceTree = "<group>"; };
		9D295E3E25D19DEF00E5AA52 /* Info.plist */ = {isa = PBXFileReference; lastKnownFileType = text.plist.xml; path = Info.plist; sourceTree = "<group>"; };
/* End PBXFileReference section */

/* Begin PBXFrameworksBuildPhase section */
		9D295E1925D19DEF00E5AA52 /* Frameworks */ = {
			isa = PBXFrameworksBuildPhase;
			buildActionMask = 2147483647;
			files = (
			);
			runOnlyForDeploymentPostprocessing = 0;
		};
		9D295E2A25D19DEF00E5AA52 /* Frameworks */ = {
			isa = PBXFrameworksBuildPhase;
			buildActionMask = 2147483647;
			files = (
			);
			runOnlyForDeploymentPostprocessing = 0;
		};
		9D295E3525D19DEF00E5AA52 /* Frameworks */ = {
			isa = PBXFrameworksBuildPhase;
			buildActionMask = 2147483647;
			files = (
			);
			runOnlyForDeploymentPostprocessing = 0;
		};
/* End PBXFrameworksBuildPhase section */

/* Begin PBXGroup section */
		9D295E1325D19DEE00E5AA52 = {
			isa = PBXGroup;
			children = (
				9D295E1E25D19DEF00E5AA52 /* CustomTabBar */,
				9D295E3025D19DEF00E5AA52 /* CustomTabBarTests */,
				9D295E3B25D19DEF00E5AA52 /* CustomTabBarUITests */,
				9D295E1D25D19DEF00E5AA52 /* Products */,
			);
			sourceTree = "<group>";
		};
		9D295E1D25D19DEF00E5AA52 /* Products */ = {
			isa = PBXGroup;
			children = (
				9D295E1C25D19DEF00E5AA52 /* CustomTabBar.app */,
				9D295E2D25D19DEF00E5AA52 /* CustomTabBarTests.xctest */,
				9D295E3825D19DEF00E5AA52 /* CustomTabBarUITests.xctest */,
			);
			name = Products;
			sourceTree = "<group>";
		};
		9D295E1E25D19DEF00E5AA52 /* CustomTabBar */ = {
			isa = PBXGroup;
			children = (
				9D295E1F25D19DEF00E5AA52 /* CustomTabBarApp.swift */,
				9D295E2125D19DEF00E5AA52 /* ContentView.swift */,
				9D295E2325D19DEF00E5AA52 /* Assets.xcassets */,
				9D295E2825D19DEF00E5AA52 /* Info.plist */,
				9D295E2525D19DEF00E5AA52 /* Preview Content */,
			);
			path = CustomTabBar;
			sourceTree = "<group>";
		};
		9D295E2525D19DEF00E5AA52 /* Preview Content */ = {
			isa = PBXGroup;
			children = (
				9D295E2625D19DEF00E5AA52 /* Preview Assets.xcassets */,
			);
			path = "Preview Content";
			sourceTree = "<group>";
		};
		9D295E3025D19DEF00E5AA52 /* CustomTabBarTests */ = {
			isa = PBXGroup;
			children = (
				9D295E3125D19DEF00E5AA52 /* CustomTabBarTests.swift */,
				9D295E3325D19DEF00E5AA52 /* Info.plist */,
			);
			path = CustomTabBarTests;
			sourceTree = "<group>";
		};
		9D295E3B25D19DEF00E5AA52 /* CustomTabBarUITests */ = {
			isa = PBXGroup;
			children = (
				9D295E3C25D19DEF00E5AA52 /* CustomTabBarUITests.swift */,
				9D295E3E25D19DEF00E5AA52 /* Info.plist */,
			);
			path = CustomTabBarUITests;
			sourceTree = "<group>";
		};
/* End PBXGroup section */

/* Begin PBXNativeTarget section */
		9D295E1B25D19DEF00E5AA52 /* CustomTabBar */ = {
			isa = PBXNativeTarget;
			buildConfigurationList = 9D295E4125D19DEF00E5AA52 /* Build configuration list for PBXNativeTarget "CustomTabBar" */;
			buildPhases = (
				9D295E1825D19DEF00E5AA52 /* Sources */,
				9D295E1925D19DEF00E5AA52 /* Frameworks */,
				9D295E1A25D19DEF00E5AA52 /* Resources */,
			);
			buildRules = (
			);
			dependencies = (
			);
			name = CustomTabBar;
			productName = CustomTabBar;
			productReference = 9D295E1C25D19DEF00E5AA52 /* CustomTabBar.app */;
			productType = "com.apple.product-type.application";
		};
		9D295E2C25D19DEF00E5AA52 /* CustomTabBarTests */ = {
			isa = PBXNativeTarget;
			buildConfigurationList = 9D295E4425D19DEF00E5AA52 /* Build configuration list for PBXNativeTarget "CustomTabBarTests" */;
			buildPhases = (
				9D295E2925D19DEF00E5AA52 /* Sources */,
				9D295E2A25D19DEF00E5AA52 /* Frameworks */,
				9D295E2B25D19DEF00E5AA52 /* Resources */,
			);
			buildRules = (
			);
			dependencies = (
				9D295E2F25D19DEF00E5AA52 /* PBXTargetDependency */,
			);
			name = CustomTabBarTests;
			productName = CustomTabBarTests;
			productReference = 9D295E2D25D19DEF00E5AA52 /* CustomTabBarTests.xctest */;
			productType = "com.apple.product-type.bundle.unit-test";
		};
		9D295E3725D19DEF00E5AA52 /* CustomTabBarUITests */ = {
			isa = PBXNativeTarget;
			buildConfigurationList = 9D295E4725D19DEF00E5AA52 /* Build configuration list for PBXNativeTarget "CustomTabBarUITests" */;
			buildPhases = (
				9D295E3425D19DEF00E5AA52 /* Sources */,
				9D295E3525D19DEF00E5AA52 /* Frameworks */,
				9D295E3625D19DEF00E5AA52 /* Resources */,
			);
			buildRules = (
			);
			dependencies = (
				9D295E3A25D19DEF00E5AA52 /* PBXTargetDependency */,
			);
			name = CustomTabBarUITests;
			productName = CustomTabBarUITests;
			productReference = 9D295E3825D19DEF00E5AA52 /* CustomTabBarUITests.xctest */;
			productType = "com.apple.product-type.bundle.ui-testing";
		};
/* End PBXNativeTarget section */

/* Begin PBXProject section */
		9D295E1425D19DEE00E5AA52 /* Project object */ = {
			isa = PBXProject;
			attributes = {
				LastSwiftUpdateCheck = 1240;
				LastUpgradeCheck = 1240;
				TargetAttributes = {
					9D295E1B25D19DEF00E5AA52 = {
						CreatedOnToolsVersion = 12.4;
					};
					9D295E2C25D19DEF00E5AA52 = {
						CreatedOnToolsVersion = 12.4;
						TestTargetID = 9D295E1B25D19DEF00E5AA52;
					};
					9D295E3725D19DEF00E5AA52 = {
						CreatedOnToolsVersion = 12.4;
						TestTargetID = 9D295E1B25D19DEF00E5AA52;
					};
				};
			};
			buildConfigurationList = 9D295E1725D19DEE00E5AA52 /* Build configuration list for PBXProject "CustomTabBar" */;
			compatibilityVersion = "Xcode 9.3";
			developmentRegion = en;
			hasScannedForEncodings = 0;
			knownRegions = (
				en,
				Base,
			);
			mainGroup = 9D295E1325D19DEE00E5AA52;
			productRefGroup = 9D295E1D25D19DEF00E5AA52 /* Products */;
			projectDirPath = "";
			projectRoot = "";
			targets = (
				9D295E1B25D19DEF00E5AA52 /* CustomTabBar */,
				9D295E2C25D19DEF00E5AA52 /* CustomTabBarTests */,
				9D295E3725D19DEF00E5AA52 /* CustomTabBarUITests */,
			);
		};
/* End PBXProject section */

/* Begin PBXResourcesBuildPhase section */
		9D295E1A25D19DEF00E5AA52 /* Resources */ = {
			isa = PBXResourcesBuildPhase;
			buildActionMask = 2147483647;
			files = (
				9D295E2725D19DEF00E5AA52 /* Preview Assets.xcassets in Resources */,
				9D295E2425D19DEF00E5AA52 /* Assets.xcassets in Resources */,
			);
			runOnlyForDeploymentPostprocessing = 0;
		};
		9D295E2B25D19DEF00E5AA52 /* Resources */ = {
			isa = PBXResourcesBuildPhase;
			buildActionMask = 2147483647;
			files = (
			);
			runOnlyForDeploymentPostprocessing = 0;
		};
		9D295E3625D19DEF00E5AA52 /* Resources */ = {
			isa = PBXResourcesBuildPhase;
			buildActionMask = 2147483647;
			files = (
			);
			runOnlyForDeploymentPostprocessing = 0;
		};
/* End PBXResourcesBuildPhase section */

/* Begin PBXSourcesBuildPhase section */
		9D295E1825D19DEF00E5AA52 /* Sources */ = {
			isa = PBXSourcesBuildPhase;
			buildActionMask = 2147483647;
			files = (
				9D295E2225D19DEF00E5AA52 /* ContentView.swift in Sources */,
				9D295E2025D19DEF00E5AA52 /* CustomTabBarApp.swift in Sources */,
			);
			runOnlyForDeploymentPostprocessing = 0;
		};
		9D295E2925D19DEF00E5AA52 /* Sources */ = {
			isa = PBXSourcesBuildPhase;
			buildActionMask = 2147483647;
			files = (
				9D295E3225D19DEF00E5AA52 /* CustomTabBarTests.swift in Sources */,
			);
			runOnlyForDeploymentPostprocessing = 0;
		};
		9D295E3425D19DEF00E5AA52 /* Sources */ = {
			isa = PBXSourcesBuildPhase;
			buildActionMask = 2147483647;
			files = (
				9D295E3D25D19DEF00E5AA52 /* CustomTabBarUITests.swift in Sources */,
			);
			runOnlyForDeploymentPostprocessing = 0;
		};
/* End PBXSourcesBuildPhase section */

/* Begin PBXTargetDependency section */
		9D295E2F25D19DEF00E5AA52 /* PBXTargetDependency */ = {
			isa = PBXTargetDependency;
			target = 9D295E1B25D19DEF00E5AA52 /* CustomTabBar */;
			targetProxy = 9D295E2E25D19DEF00E5AA52 /* PBXContainerItemProxy */;
		};
		9D295E3A25D19DEF00E5AA52 /* PBXTargetDependency */ = {
			isa = PBXTargetDependency;
			target = 9D295E1B25D19DEF00E5AA52 /* CustomTabBar */;
			targetProxy = 9D295E3925D19DEF00E5AA52 /* PBXContainerItemProxy */;
		};
/* End PBXTargetDependency section */

/* Begin XCBuildConfiguration section */
		9D295E3F25D19DEF00E5AA52 /* Debug */ = {
			isa = XCBuildConfiguration;
			buildSettings = {
				ALWAYS_SEARCH_USER_PATHS = NO;
				CLANG_ANALYZER_NONNULL = YES;
				CLANG_ANALYZER_NUMBER_OBJECT_CONVERSION = YES_AGGRESSIVE;
				CLANG_CXX_LANGUAGE_STANDARD = "gnu++14";
				CLANG_CXX_LIBRARY = "libc++";
				CLANG_ENABLE_MODULES = YES;
				CLANG_ENABLE_OBJC_ARC = YES;
				CLANG_ENABLE_OBJC_WEAK = YES;
				CLANG_WARN_BLOCK_CAPTURE_AUTORELEASING = YES;
				CLANG_WARN_BOOL_CONVERSION = YES;
				CLANG_WARN_COMMA = YES;
				CLANG_WARN_CONSTANT_CONVERSION = YES;
				CLANG_WARN_DEPRECATED_OBJC_IMPLEMENTATIONS = YES;
				CLANG_WARN_DIRECT_OBJC_ISA_USAGE = YES_ERROR;
				CLANG_WARN_DOCUMENTATION_COMMENTS = YES;
				CLANG_WARN_EMPTY_BODY = YES;
				CLANG_WARN_ENUM_CONVERSION = YES;
				CLANG_WARN_INFINITE_RECURSION = YES;
				CLANG_WARN_INT_CONVERSION = YES;
				CLANG_WARN_NON_LITERAL_NULL_CONVERSION = YES;
				CLANG_WARN_OBJC_IMPLICIT_RETAIN_SELF = YES;
				CLANG_WARN_OBJC_LITERAL_CONVERSION = YES;
				CLANG_WARN_OBJC_ROOT_CLASS = YES_ERROR;
				CLANG_WARN_QUOTED_INCLUDE_IN_FRAMEWORK_HEADER = YES;
				CLANG_WARN_RANGE_LOOP_ANALYSIS = YES;
				CLANG_WARN_STRICT_PROTOTYPES = YES;
				CLANG_WARN_SUSPICIOUS_MOVE = YES;
				CLANG_WARN_UNGUARDED_AVAILABILITY = YES_AGGRESSIVE;
				CLANG_WARN_UNREACHABLE_CODE = YES;
				CLANG_WARN__DUPLICATE_METHOD_MATCH = YES;
				COPY_PHASE_STRIP = NO;
				DEBUG_INFORMATION_FORMAT = dwarf;
				ENABLE_STRICT_OBJC_MSGSEND = YES;
				ENABLE_TESTABILITY = YES;
				GCC_C_LANGUAGE_STANDARD = gnu11;
				GCC_DYNAMIC_NO_PIC = NO;
				GCC_NO_COMMON_BLOCKS = YES;
				GCC_OPTIMIZATION_LEVEL = 0;
				GCC_PREPROCESSOR_DEFINITIONS = (
					"DEBUG=1",
					"$(inherited)",
				);
				GCC_WARN_64_TO_32_BIT_CONVERSION = YES;
				GCC_WARN_ABOUT_RETURN_TYPE = YES_ERROR;
				GCC_WARN_UNDECLARED_SELECTOR = YES;
				GCC_WARN_UNINITIALIZED_AUTOS = YES_AGGRESSIVE;
				GCC_WARN_UNUSED_FUNCTION = YES;
				GCC_WARN_UNUSED_VARIABLE = YES;
				IPHONEOS_DEPLOYMENT_TARGET = 14.4;
				MTL_ENABLE_DEBUG_INFO = INCLUDE_SOURCE;
				MTL_FAST_MATH = YES;
				ONLY_ACTIVE_ARCH = YES;
				SDKROOT = iphoneos;
				SWIFT_ACTIVE_COMPILATION_CONDITIONS = DEBUG;
				SWIFT_OPTIMIZATION_LEVEL = "-Onone";
			};
			name = Debug;
		};
		9D295E4025D19DEF00E5AA52 /* Release */ = {
			isa = XCBuildConfiguration;
			buildSettings = {
				ALWAYS_SEARCH_USER_PATHS = NO;
				CLANG_ANALYZER_NONNULL = YES;
				CLANG_ANALYZER_NUMBER_OBJECT_CONVERSION = YES_AGGRESSIVE;
				CLANG_CXX_LANGUAGE_STANDARD = "gnu++14";
				CLANG_CXX_LIBRARY = "libc++";
				CLANG_ENABLE_MODULES = YES;
				CLANG_ENABLE_OBJC_ARC = YES;
				CLANG_ENABLE_OBJC_WEAK = YES;
				CLANG_WARN_BLOCK_CAPTURE_AUTORELEASING = YES;
				CLANG_WARN_BOOL_CONVERSION = YES;
				CLANG_WARN_COMMA = YES;
				CLANG_WARN_CONSTANT_CONVERSION = YES;
				CLANG_WARN_DEPRECATED_OBJC_IMPLEMENTATIONS = YES;
				CLANG_WARN_DIRECT_OBJC_ISA_USAGE = YES_ERROR;
				CLANG_WARN_DOCUMENTATION_COMMENTS = YES;
				CLANG_WARN_EMPTY_BODY = YES;
				CLANG_WARN_ENUM_CONVERSION = YES;
				CLANG_WARN_INFINITE_RECURSION = YES;
				CLANG_WARN_INT_CONVERSION = YES;
				CLANG_WARN_NON_LITERAL_NULL_CONVERSION = YES;
				CLANG_WARN_OBJC_IMPLICIT_RETAIN_SELF = YES;
				CLANG_WARN_OBJC_LITERAL_CONVERSION = YES;
				CLANG_WARN_OBJC_ROOT_CLASS = YES_ERROR;
				CLANG_WARN_QUOTED_INCLUDE_IN_FRAMEWORK_HEADER = YES;
				CLANG_WARN_RANGE_LOOP_ANALYSIS = YES;
				CLANG_WARN_STRICT_PROTOTYPES = YES;
				CLANG_WARN_SUSPICIOUS_MOVE = YES;
				CLANG_WARN_UNGUARDED_AVAILABILITY = YES_AGGRESSIVE;
				CLANG_WARN_UNREACHABLE_CODE = YES;
				CLANG_WARN__DUPLICATE_METHOD_MATCH = YES;
				COPY_PHASE_STRIP = NO;
				DEBUG_INFORMATION_FORMAT = "dwarf-with-dsym";
				ENABLE_NS_ASSERTIONS = NO;
				ENABLE_STRICT_OBJC_MSGSEND = YES;
				GCC_C_LANGUAGE_STANDARD = gnu11;
				GCC_NO_COMMON_BLOCKS = YES;
				GCC_WARN_64_TO_32_BIT_CONVERSION = YES;
				GCC_WARN_ABOUT_RETURN_TYPE = YES_ERROR;
				GCC_WARN_UNDECLARED_SELECTOR = YES;
				GCC_WARN_UNINITIALIZED_AUTOS = YES_AGGRESSIVE;
				GCC_WARN_UNUSED_FUNCTION = YES;
				GCC_WARN_UNUSED_VARIABLE = YES;
				IPHONEOS_DEPLOYMENT_TARGET = 14.4;
				MTL_ENABLE_DEBUG_INFO = NO;
				MTL_FAST_MATH = YES;
				SDKROOT = iphoneos;
				SWIFT_COMPILATION_MODE = wholemodule;
				SWIFT_OPTIMIZATION_LEVEL = "-O";
				VALIDATE_PRODUCT = YES;
			};
			name = Release;
		};
		9D295E4225D19DEF00E5AA52 /* Debug */ = {
			isa = XCBuildConfiguration;
			buildSettings = {
				ASSETCATALOG_COMPILER_APPICON_NAME = AppIcon;
				ASSETCATALOG_COMPILER_GLOBAL_ACCENT_COLOR_NAME = AccentColor;
				CODE_SIGN_STYLE = Automatic;
				DEVELOPMENT_ASSET_PATHS = "\"CustomTabBar/Preview Content\"";
				ENABLE_PREVIEWS = YES;
				INFOPLIST_FILE = CustomTabBar/Info.plist;
				IPHONEOS_DEPLOYMENT_TARGET = 14.0;
				LD_RUNPATH_SEARCH_PATHS = (
					"$(inherited)",
					"@executable_path/Frameworks",
				);
				PRODUCT_BUNDLE_IDENTIFIER = "hanifi.alma2014.mha-gmail.com.CustomTabBar";
				PRODUCT_NAME = "$(TARGET_NAME)";
				SWIFT_VERSION = 5.0;
				TARGETED_DEVICE_FAMILY = "1,2";
			};
			name = Debug;
		};
		9D295E4325D19DEF00E5AA52 /* Release */ = {
			isa = XCBuildConfiguration;
			buildSettings = {
				ASSETCATALOG_COMPILER_APPICON_NAME = AppIcon;
				ASSETCATALOG_COMPILER_GLOBAL_ACCENT_COLOR_NAME = AccentColor;
				CODE_SIGN_STYLE = Automatic;
				DEVELOPMENT_ASSET_PATHS = "\"CustomTabBar/Preview Content\"";
				ENABLE_PREVIEWS = YES;
				INFOPLIST_FILE = CustomTabBar/Info.plist;
				IPHONEOS_DEPLOYMENT_TARGET = 14.0;
				LD_RUNPATH_SEARCH_PATHS = (
					"$(inherited)",
					"@executable_path/Frameworks",
				);
				PRODUCT_BUNDLE_IDENTIFIER = "hanifi.alma2014.mha-gmail.com.CustomTabBar";
				PRODUCT_NAME = "$(TARGET_NAME)";
				SWIFT_VERSION = 5.0;
				TARGETED_DEVICE_FAMILY = "1,2";
			};
			name = Release;
		};
		9D295E4525D19DEF00E5AA52 /* Debug */ = {
			isa = XCBuildConfiguration;
			buildSettings = {
				ALWAYS_EMBED_SWIFT_STANDARD_LIBRARIES = YES;
				BUNDLE_LOADER = "$(TEST_HOST)";
				CODE_SIGN_STYLE = Automatic;
				INFOPLIST_FILE = CustomTabBarTests/Info.plist;
				IPHONEOS_DEPLOYMENT_TARGET = 14.0;
				LD_RUNPATH_SEARCH_PATHS = (
					"$(inherited)",
					"@executable_path/Frameworks",
					"@loader_path/Frameworks",
				);
				PRODUCT_BUNDLE_IDENTIFIER = "hanifi.alma2014.mha-gmail.com.CustomTabBarTests";
				PRODUCT_NAME = "$(TARGET_NAME)";
				SWIFT_VERSION = 5.0;
				TARGETED_DEVICE_FAMILY = "1,2";
				TEST_HOST = "$(BUILT_PRODUCTS_DIR)/CustomTabBar.app/CustomTabBar";
			};
			name = Debug;
		};
		9D295E4625D19DEF00E5AA52 /* Release */ = {
			isa = XCBuildConfiguration;
			buildSettings = {
				ALWAYS_EMBED_SWIFT_STANDARD_LIBRARIES = YES;
				BUNDLE_LOADER = "$(TEST_HOST)";
				CODE_SIGN_STYLE = Automatic;
				INFOPLIST_FILE = CustomTabBarTests/Info.plist;
				IPHONEOS_DEPLOYMENT_TARGET = 14.0;
				LD_RUNPATH_SEARCH_PATHS = (
					"$(inherited)",
					"@executable_path/Frameworks",
					"@loader_path/Frameworks",
				);
				PRODUCT_BUNDLE_IDENTIFIER = "hanifi.alma2014.mha-gmail.com.CustomTabBarTests";
				PRODUCT_NAME = "$(TARGET_NAME)";
				SWIFT_VERSION = 5.0;
				TARGETED_DEVICE_FAMILY = "1,2";
				TEST_HOST = "$(BUILT_PRODUCTS_DIR)/CustomTabBar.app/CustomTabBar";
			};
			name = Release;
		};
		9D295E4825D19DEF00E5AA52 /* Debug */ = {
			isa = XCBuildConfiguration;
			buildSettings = {
				ALWAYS_EMBED_SWIFT_STANDARD_LIBRARIES = YES;
				CODE_SIGN_STYLE = Automatic;
				INFOPLIST_FILE = CustomTabBarUITests/Info.plist;
				LD_RUNPATH_SEARCH_PATHS = (
					"$(inherited)",
					"@executable_path/Frameworks",
					"@loader_path/Frameworks",
				);
				PRODUCT_BUNDLE_IDENTIFIER = "hanifi.alma2014.mha-gmail.com.CustomTabBarUITests";
				PRODUCT_NAME = "$(TARGET_NAME)";
				SWIFT_VERSION = 5.0;
				TARGETED_DEVICE_FAMILY = "1,2";
				TEST_TARGET_NAME = CustomTabBar;
			};
			name = Debug;
		};
		9D295E4925D19DEF00E5AA52 /* Release */ = {
			isa = XCBuildConfiguration;
			buildSettings = {
				ALWAYS_EMBED_SWIFT_STANDARD_LIBRARIES = YES;
				CODE_SIGN_STYLE = Automatic;
				INFOPLIST_FILE = CustomTabBarUITests/Info.plist;
				LD_RUNPATH_SEARCH_PATHS = (
					"$(inherited)",
					"@executable_path/Frameworks",
					"@loader_path/Frameworks",
				);
				PRODUCT_BUNDLE_IDENTIFIER = "hanifi.alma2014.mha-gmail.com.CustomTabBarUITests";
				PRODUCT_NAME = "$(TARGET_NAME)";
				SWIFT_VERSION = 5.0;
				TARGETED_DEVICE_FAMILY = "1,2";
				TEST_TARGET_NAME = CustomTabBar;
			};
			name = Release;
		};
/* End XCBuildConfiguration section */

/* Begin XCConfigurationList section */
		9D295E1725D19DEE00E5AA52 /* Build configuration list for PBXProject "CustomTabBar" */ = {
			isa = XCConfigurationList;
			buildConfigurations = (
				9D295E3F25D19DEF00E5AA52 /* Debug */,
				9D295E4025D19DEF00E5AA52 /* Release */,
			);
			defaultConfigurationIsVisible = 0;
			defaultConfigurationName = Release;
		};
		9D295E4125D19DEF00E5AA52 /* Build configuration list for PBXNativeTarget "CustomTabBar" */ = {
			isa = XCConfigurationList;
			buildConfigurations = (
				9D295E4225D19DEF00E5AA52 /* Debug */,
				9D295E4325D19DEF00E5AA52 /* Release */,
			);
			defaultConfigurationIsVisible = 0;
			defaultConfigurationName = Release;
		};
		9D295E4425D19DEF00E5AA52 /* Build configuration list for PBXNativeTarget "CustomTabBarTests" */ = {
			isa = XCConfigurationList;
			buildConfigurations = (
				9D295E4525D19DEF00E5AA52 /* Debug */,
				9D295E4625D19DEF00E5AA52 /* Release */,
			);
			defaultConfigurationIsVisible = 0;
			defaultConfigurationName = Release;
		};
		9D295E4725D19DEF00E5AA52 /* Build configuration list for PBXNativeTarget "CustomTabBarUITests" */ = {
			isa = XCConfigurationList;
			buildConfigurations = (
				9D295E4825D19DEF00E5AA52 /* Debug */,
				9D295E4925D19DEF00E5AA52 /* Release */,
			);
			defaultConfigurationIsVisible = 0;
			defaultConfigurationName = Release;
		};
/* End XCConfigurationList section */
	};
	rootObject = 9D295E1425D19DEE00E5AA52 /* Project object */;
}
